{
  "name": "StereoMapManual",
  "lockfileVersion": 2,
  "requires": true,
  "packages": {
    "": {
      "dependencies": {
        "gitbook-plugin-logo": "*"
      }
    },
    "node_modules": {
      "extraneous": true
    },
    "node_modules/gitbook-plugin-logo": {
      "version": "0.0.2",
      "resolved": "https://mirrors.huaweicloud.com/repository/npm/gitbook-plugin-logo/-/gitbook-plugin-logo-0.0.2.tgz",
      "integrity": "sha512-phoa3zvNezN/2FP0WPIuvr5Z1e1YQLqyIoz6jz+kt68ZvnfMQcyC7tEWQb3ie6bGVdrGyNoYU7qQ3ap7uriHpQ==",
      "extraneous": true,
      "license": "MIT",
      "dependencies": {
        "cheerio": "^0.20.0"
      },
      "engines": {
        "gitbook": "*"
      }
    }
  }
}
